
Microsoft Visual Studio Solution File, Format Version 12.00
# Visual Studio Version 16
VisualStudioVersion = 16.0.29318.209
MinimumVisualStudioVersion = 10.0.40219.1
Project("{9A19103F-16F7-4668-BE54-9A1E7A4F7556}") = "AdventOfCode2019", "AdventOfCode2019\AdventOfCode2019.csproj", "{E01E5450-BAF9-425A-BC5B-98B8B1260E47}"
EndProject
Project("{FAE04EC0-301F-11D3-BF4B-00C04F79EFBC}") = "AdventOfCode2019Tests", "AdventOfCode2019Tests\AdventOfCode2019Tests.csproj", "{3DEB01DA-8318-4FEE-9B8F-8E754CE5E698}"
EndProject
Global
	GlobalSection(SolutionConfigurationPlatforms) = preSolution
		Debug|Any CPU = Debug|Any CPU
		Release|Any CPU = Release|Any CPU
	EndGlobalSection
	GlobalSection(ProjectConfigurationPlatforms) = postSolution
		{E01E5450-BAF9-425A-BC5B-98B8B1260E47}.Debug|Any CPU.ActiveCfg = Debug|Any CPU
		{E01E5450-BAF9-425A-BC5B-98B8B1260E47}.Debug|Any CPU.Build.0 = Debug|Any CPU
		{E01E5450-BAF9-425A-BC5B-98B8B1260E47}.Release|Any CPU.ActiveCfg = Release|Any CPU
		{E01E5450-BAF9-425A-BC5B-98B8B1260E47}.Release|Any CPU.Build.0 = Release|Any CPU
		{3DEB01DA-8318-4FEE-9B8F-8E754CE5E698}.Debug|Any CPU.ActiveCfg = Debug|Any CPU
		{3DEB01DA-8318-4FEE-9B8F-8E754CE5E698}.Debug|Any CPU.Build.0 = Debug|Any CPU
		{3DEB01DA-8318-4FEE-9B8F-8E754CE5E698}.Release|Any CPU.ActiveCfg = Release|Any CPU
		{3DEB01DA-8318-4FEE-9B8F-8E754CE5E698}.Release|Any CPU.Build.0 = Release|Any CPU
	EndGlobalSection
	GlobalSection(SolutionProperties) = preSolution
		HideSolutionNode = FALSE
	EndGlobalSection
	GlobalSection(ExtensibilityGlobals) = postSolution
		SolutionGuid = {7F7ADF69-6AC3-4635-9185-1302D70EF176}
	EndGlobalSection
EndGlobal
